
Microsoft Visual Studio Solution File, Format Version 12.00
# Visual Studio 14
VisualStudioVersion = 14.0.25420.1
MinimumVisualStudioVersion = 10.0.40219.1
Project("{FAE04EC0-301F-11D3-BF4B-00C04F79EFBC}") = "TokenBased", "TokenBased\TokenBased.csproj", "{531D3496-EEA9-4109-B90D-1AA61E682245}"
EndProject
Global
	GlobalSection(SolutionConfigurationPlatforms) = preSolution
		Debug|Any CPU = Debug|Any CPU
		Release|Any CPU = Release|Any CPU
	EndGlobalSection
	GlobalSection(ProjectConfigurationPlatforms) = postSolution
		{531D3496-EEA9-4109-B90D-1AA61E682245}.Debug|Any CPU.ActiveCfg = Debug|Any CPU
		{531D3496-EEA9-4109-B90D-1AA61E682245}.Debug|Any CPU.Build.0 = Debug|Any CPU
		{531D3496-EEA9-4109-B90D-1AA61E682245}.Release|Any CPU.ActiveCfg = Release|Any CPU
		{531D3496-EEA9-4109-B90D-1AA61E682245}.Release|Any CPU.Build.0 = Release|Any CPU
	EndGlobalSection
	GlobalSection(SolutionProperties) = preSolution
		HideSolutionNode = FALSE
	EndGlobalSection
EndGlobal
